// !$*UTF8*$!
{
	archiveVersion = 1;
	classes = {
	};
	objectVersion = 56;
	objects = {

/* Begin PBXBuildFile section */
		C0018FB629CFAD7F00A32077 /* DisableAnimation.swift in Sources */ = {isa = PBXBuildFile; fileRef = C0018FB529CFAD7F00A32077 /* DisableAnimation.swift */; };
		C044A51F29112AC600E17A09 /* PumpyShared.docc in Sources */ = {isa = PBXBuildFile; fileRef = C044A51E29112AC600E17A09 /* PumpyShared.docc */; };
		C044A52529112AC700E17A09 /* PumpyShared.framework in Frameworks */ = {isa = PBXBuildFile; fileRef = C044A51A29112AC600E17A09 /* PumpyShared.framework */; };
		C044A52A29112AC700E17A09 /* PumpySharedTests.swift in Sources */ = {isa = PBXBuildFile; fileRef = C044A52929112AC700E17A09 /* PumpySharedTests.swift */; };
		C044A52B29112AC700E17A09 /* PumpyShared.h in Headers */ = {isa = PBXBuildFile; fileRef = C044A51D29112AC600E17A09 /* PumpyShared.h */; settings = {ATTRIBUTES = (Public, ); }; };
		C07C625029B8E11F0088E604 /* HTMLText.swift in Sources */ = {isa = PBXBuildFile; fileRef = C07C624F29B8E11F0088E604 /* HTMLText.swift */; };
		C08556A52A8FEB8B00C0552F /* AyncForEach.swift in Sources */ = {isa = PBXBuildFile; fileRef = C08556A42A8FEB8B00C0552F /* AyncForEach.swift */; };
		C08CD138291152F40052FE26 /* Debouncer.swift in Sources */ = {isa = PBXBuildFile; fileRef = C08CD137291152F40052FE26 /* Debouncer.swift */; };
		C08E0AF729321A4200D83774 /* PumpyNavigation.swift in Sources */ = {isa = PBXBuildFile; fileRef = C08E0AF629321A4200D83774 /* PumpyNavigation.swift */; };
		C09B72E72A88EFBB007AEBE5 /* Extensions.swift in Sources */ = {isa = PBXBuildFile; fileRef = C09B72E62A88EFBB007AEBE5 /* Extensions.swift */; };
		C0F7AFFD2A84EF660032CB0C /* Throttle.swift in Sources */ = {isa = PBXBuildFile; fileRef = C0F7AFFC2A84EF660032CB0C /* Throttle.swift */; };
/* End PBXBuildFile section */

/* Begin PBXContainerItemProxy section */
		C044A52629112AC700E17A09 /* PBXContainerItemProxy */ = {
			isa = PBXContainerItemProxy;
			containerPortal = C044A51129112AC600E17A09 /* Project object */;
			proxyType = 1;
			remoteGlobalIDString = C044A51929112AC600E17A09;
			remoteInfo = PumpyShared;
		};
/* End PBXContainerItemProxy section */

/* Begin PBXFileReference section */
		C0018FB529CFAD7F00A32077 /* DisableAnimation.swift */ = {isa = PBXFileReference; lastKnownFileType = sourcecode.swift; path = DisableAnimation.swift; sourceTree = "<group>"; };
		C044A51A29112AC600E17A09 /* PumpyShared.framework */ = {isa = PBXFileReference; explicitFileType = wrapper.framework; includeInIndex = 0; path = PumpyShared.framework; sourceTree = BUILT_PRODUCTS_DIR; };
		C044A51D29112AC600E17A09 /* PumpyShared.h */ = {isa = PBXFileReference; lastKnownFileType = sourcecode.c.h; path = PumpyShared.h; sourceTree = "<group>"; };
		C044A51E29112AC600E17A09 /* PumpyShared.docc */ = {isa = PBXFileReference; lastKnownFileType = folder.documentationcatalog; path = PumpyShared.docc; sourceTree = "<group>"; };
		C044A52429112AC700E17A09 /* PumpySharedTests.xctest */ = {isa = PBXFileReference; explicitFileType = wrapper.cfbundle; includeInIndex = 0; path = PumpySharedTests.xctest; sourceTree = BUILT_PRODUCTS_DIR; };
		C044A52929112AC700E17A09 /* PumpySharedTests.swift */ = {isa = PBXFileReference; lastKnownFileType = sourcecode.swift; path = PumpySharedTests.swift; sourceTree = "<group>"; };
		C07C624F29B8E11F0088E604 /* HTMLText.swift */ = {isa = PBXFileReference; lastKnownFileType = sourcecode.swift; path = HTMLText.swift; sourceTree = "<group>"; };
		C08556A42A8FEB8B00C0552F /* AyncForEach.swift */ = {isa = PBXFileReference; lastKnownFileType = sourcecode.swift; path = AyncForEach.swift; sourceTree = "<group>"; };
		C08CD137291152F40052FE26 /* Debouncer.swift */ = {isa = PBXFileReference; lastKnownFileType = sourcecode.swift; path = Debouncer.swift; sourceTree = "<group>"; };
		C08E0AF629321A4200D83774 /* PumpyNavigation.swift */ = {isa = PBXFileReference; lastKnownFileType = sourcecode.swift; path = PumpyNavigation.swift; sourceTree = "<group>"; };
		C09B72E62A88EFBB007AEBE5 /* Extensions.swift */ = {isa = PBXFileReference; lastKnownFileType = sourcecode.swift; path = Extensions.swift; sourceTree = "<group>"; };
		C0F7AFFC2A84EF660032CB0C /* Throttle.swift */ = {isa = PBXFileReference; lastKnownFileType = sourcecode.swift; path = Throttle.swift; sourceTree = "<group>"; };
/* End PBXFileReference section */

/* Begin PBXFrameworksBuildPhase section */
		C044A51729112AC600E17A09 /* Frameworks */ = {
			isa = PBXFrameworksBuildPhase;
			buildActionMask = 2147483647;
			files = (
			);
			runOnlyForDeploymentPostprocessing = 0;
		};
		C044A52129112AC700E17A09 /* Frameworks */ = {
			isa = PBXFrameworksBuildPhase;
			buildActionMask = 2147483647;
			files = (
				C044A52529112AC700E17A09 /* PumpyShared.framework in Frameworks */,
			);
			runOnlyForDeploymentPostprocessing = 0;
		};
/* End PBXFrameworksBuildPhase section */

/* Begin PBXGroup section */
		C044A51029112AC600E17A09 = {
			isa = PBXGroup;
			children = (
				C044A51C29112AC600E17A09 /* PumpyShared */,
				C044A52829112AC700E17A09 /* PumpySharedTests */,
				C044A51B29112AC600E17A09 /* Products */,
			);
			sourceTree = "<group>";
		};
		C044A51B29112AC600E17A09 /* Products */ = {
			isa = PBXGroup;
			children = (
				C044A51A29112AC600E17A09 /* PumpyShared.framework */,
				C044A52429112AC700E17A09 /* PumpySharedTests.xctest */,
			);
			name = Products;
			sourceTree = "<group>";
		};
		C044A51C29112AC600E17A09 /* PumpyShared */ = {
			isa = PBXGroup;
			children = (
				C044A51D29112AC600E17A09 /* PumpyShared.h */,
				C044A51E29112AC600E17A09 /* PumpyShared.docc */,
				C08CD137291152F40052FE26 /* Debouncer.swift */,
				C08E0AF629321A4200D83774 /* PumpyNavigation.swift */,
				C07C624F29B8E11F0088E604 /* HTMLText.swift */,
				C0018FB529CFAD7F00A32077 /* DisableAnimation.swift */,
				C0F7AFFC2A84EF660032CB0C /* Throttle.swift */,
				C09B72E62A88EFBB007AEBE5 /* Extensions.swift */,
				C08556A42A8FEB8B00C0552F /* AyncForEach.swift */,
			);
			path = PumpyShared;
			sourceTree = "<group>";
		};
		C044A52829112AC700E17A09 /* PumpySharedTests */ = {
			isa = PBXGroup;
			children = (
				C044A52929112AC700E17A09 /* PumpySharedTests.swift */,
			);
			path = PumpySharedTests;
			sourceTree = "<group>";
		};
/* End PBXGroup section */

/* Begin PBXHeadersBuildPhase section */
		C044A51529112AC600E17A09 /* Headers */ = {
			isa = PBXHeadersBuildPhase;
			buildActionMask = 2147483647;
			files = (
				C044A52B29112AC700E17A09 /* PumpyShared.h in Headers */,
			);
			runOnlyForDeploymentPostprocessing = 0;
		};
/* End PBXHeadersBuildPhase section */

/* Begin PBXNativeTarget section */
		C044A51929112AC600E17A09 /* PumpyShared */ = {
			isa = PBXNativeTarget;
			buildConfigurationList = C044A52E29112AC700E17A09 /* Build configuration list for PBXNativeTarget "PumpyShared" */;
			buildPhases = (
				C044A51529112AC600E17A09 /* Headers */,
				C044A51629112AC600E17A09 /* Sources */,
				C044A51729112AC600E17A09 /* Frameworks */,
				C044A51829112AC600E17A09 /* Resources */,
			);
			buildRules = (
			);
			dependencies = (
			);
			name = PumpyShared;
			productName = PumpyShared;
			productReference = C044A51A29112AC600E17A09 /* PumpyShared.framework */;
			productType = "com.apple.product-type.framework";
		};
		C044A52329112AC700E17A09 /* PumpySharedTests */ = {
			isa = PBXNativeTarget;
			buildConfigurationList = C044A53129112AC700E17A09 /* Build configuration list for PBXNativeTarget "PumpySharedTests" */;
			buildPhases = (
				C044A52029112AC700E17A09 /* Sources */,
				C044A52129112AC700E17A09 /* Frameworks */,
				C044A52229112AC700E17A09 /* Resources */,
			);
			buildRules = (
			);
			dependencies = (
				C044A52729112AC700E17A09 /* PBXTargetDependency */,
			);
			name = PumpySharedTests;
			productName = PumpySharedTests;
			productReference = C044A52429112AC700E17A09 /* PumpySharedTests.xctest */;
			productType = "com.apple.product-type.bundle.unit-test";
		};
/* End PBXNativeTarget section */

/* Begin PBXProject section */
		C044A51129112AC600E17A09 /* Project object */ = {
			isa = PBXProject;
			attributes = {
				BuildIndependentTargetsInParallel = 1;
				LastSwiftUpdateCheck = 1400;
				LastUpgradeCheck = 1400;
				TargetAttributes = {
					C044A51929112AC600E17A09 = {
						CreatedOnToolsVersion = 14.0;
					};
					C044A52329112AC700E17A09 = {
						CreatedOnToolsVersion = 14.0;
					};
				};
			};
			buildConfigurationList = C044A51429112AC600E17A09 /* Build configuration list for PBXProject "PumpyShared" */;
			compatibilityVersion = "Xcode 14.0";
			developmentRegion = en;
			hasScannedForEncodings = 0;
			knownRegions = (
				en,
				Base,
			);
			mainGroup = C044A51029112AC600E17A09;
			productRefGroup = C044A51B29112AC600E17A09 /* Products */;
			projectDirPath = "";
			projectRoot = "";
			targets = (
				C044A51929112AC600E17A09 /* PumpyShared */,
				C044A52329112AC700E17A09 /* PumpySharedTests */,
			);
		};
/* End PBXProject section */

/* Begin PBXResourcesBuildPhase section */
		C044A51829112AC600E17A09 /* Resources */ = {
			isa = PBXResourcesBuildPhase;
			buildActionMask = 2147483647;
			files = (
			);
			runOnlyForDeploymentPostprocessing = 0;
		};
		C044A52229112AC700E17A09 /* Resources */ = {
			isa = PBXResourcesBuildPhase;
			buildActionMask = 2147483647;
			files = (
			);
			runOnlyForDeploymentPostprocessing = 0;
		};
/* End PBXResourcesBuildPhase section */

/* Begin PBXSourcesBuildPhase section */
		C044A51629112AC600E17A09 /* Sources */ = {
			isa = PBXSourcesBuildPhase;
			buildActionMask = 2147483647;
			files = (
				C0018FB629CFAD7F00A32077 /* DisableAnimation.swift in Sources */,
				C0F7AFFD2A84EF660032CB0C /* Throttle.swift in Sources */,
				C08E0AF729321A4200D83774 /* PumpyNavigation.swift in Sources */,
				C044A51F29112AC600E17A09 /* PumpyShared.docc in Sources */,
				C08CD138291152F40052FE26 /* Debouncer.swift in Sources */,
				C07C625029B8E11F0088E604 /* HTMLText.swift in Sources */,
				C09B72E72A88EFBB007AEBE5 /* Extensions.swift in Sources */,
				C08556A52A8FEB8B00C0552F /* AyncForEach.swift in Sources */,
			);
			runOnlyForDeploymentPostprocessing = 0;
		};
		C044A52029112AC700E17A09 /* Sources */ = {
			isa = PBXSourcesBuildPhase;
			buildActionMask = 2147483647;
			files = (
				C044A52A29112AC700E17A09 /* PumpySharedTests.swift in Sources */,
			);
			runOnlyForDeploymentPostprocessing = 0;
		};
/* End PBXSourcesBuildPhase section */

/* Begin PBXTargetDependency section */
		C044A52729112AC700E17A09 /* PBXTargetDependency */ = {
			isa = PBXTargetDependency;
			target = C044A51929112AC600E17A09 /* PumpyShared */;
			targetProxy = C044A52629112AC700E17A09 /* PBXContainerItemProxy */;
		};
/* End PBXTargetDependency section */

/* Begin XCBuildConfiguration section */
		C044A52C29112AC700E17A09 /* Debug */ = {
			isa = XCBuildConfiguration;
			buildSettings = {
				ALWAYS_SEARCH_USER_PATHS = NO;
				CLANG_ANALYZER_NONNULL = YES;
				CLANG_ANALYZER_NUMBER_OBJECT_CONVERSION = YES_AGGRESSIVE;
				CLANG_CXX_LANGUAGE_STANDARD = "gnu++20";
				CLANG_ENABLE_MODULES = YES;
				CLANG_ENABLE_OBJC_ARC = YES;
				CLANG_ENABLE_OBJC_WEAK = YES;
				CLANG_WARN_BLOCK_CAPTURE_AUTORELEASING = YES;
				CLANG_WARN_BOOL_CONVERSION = YES;
				CLANG_WARN_COMMA = YES;
				CLANG_WARN_CONSTANT_CONVERSION = YES;
				CLANG_WARN_DEPRECATED_OBJC_IMPLEMENTATIONS = YES;
				CLANG_WARN_DIRECT_OBJC_ISA_USAGE = YES_ERROR;
				CLANG_WARN_DOCUMENTATION_COMMENTS = YES;
				CLANG_WARN_EMPTY_BODY = YES;
				CLANG_WARN_ENUM_CONVERSION = YES;
				CLANG_WARN_INFINITE_RECURSION = YES;
				CLANG_WARN_INT_CONVERSION = YES;
				CLANG_WARN_NON_LITERAL_NULL_CONVERSION = YES;
				CLANG_WARN_OBJC_IMPLICIT_RETAIN_SELF = YES;
				CLANG_WARN_OBJC_LITERAL_CONVERSION = YES;
				CLANG_WARN_OBJC_ROOT_CLASS = YES_ERROR;
				CLANG_WARN_QUOTED_INCLUDE_IN_FRAMEWORK_HEADER = YES;
				CLANG_WARN_RANGE_LOOP_ANALYSIS = YES;
				CLANG_WARN_STRICT_PROTOTYPES = YES;
				CLANG_WARN_SUSPICIOUS_MOVE = YES;
				CLANG_WARN_UNGUARDED_AVAILABILITY = YES_AGGRESSIVE;
				CLANG_WARN_UNREACHABLE_CODE = YES;
				CLANG_WARN__DUPLICATE_METHOD_MATCH = YES;
				COPY_PHASE_STRIP = NO;
				CURRENT_PROJECT_VERSION = 1;
				DEBUG_INFORMATION_FORMAT = dwarf;
				ENABLE_STRICT_OBJC_MSGSEND = YES;
				ENABLE_TESTABILITY = YES;
				GCC_C_LANGUAGE_STANDARD = gnu11;
				GCC_DYNAMIC_NO_PIC = NO;
				GCC_NO_COMMON_BLOCKS = YES;
				GCC_OPTIMIZATION_LEVEL = 0;
				GCC_PREPROCESSOR_DEFINITIONS = (
					"DEBUG=1",
					"$(inherited)",
				);
				GCC_WARN_64_TO_32_BIT_CONVERSION = YES;
				GCC_WARN_ABOUT_RETURN_TYPE = YES_ERROR;
				GCC_WARN_UNDECLARED_SELECTOR = YES;
				GCC_WARN_UNINITIALIZED_AUTOS = YES_AGGRESSIVE;
				GCC_WARN_UNUSED_FUNCTION = YES;
				GCC_WARN_UNUSED_VARIABLE = YES;
				MTL_ENABLE_DEBUG_INFO = INCLUDE_SOURCE;
				MTL_FAST_MATH = YES;
				ONLY_ACTIVE_ARCH = YES;
				SWIFT_ACTIVE_COMPILATION_CONDITIONS = DEBUG;
				SWIFT_OPTIMIZATION_LEVEL = "-Onone";
				VERSIONING_SYSTEM = "apple-generic";
				VERSION_INFO_PREFIX = "";
			};
			name = Debug;
		};
		C044A52D29112AC700E17A09 /* Release */ = {
			isa = XCBuildConfiguration;
			buildSettings = {
				ALWAYS_SEARCH_USER_PATHS = NO;
				CLANG_ANALYZER_NONNULL = YES;
				CLANG_ANALYZER_NUMBER_OBJECT_CONVERSION = YES_AGGRESSIVE;
				CLANG_CXX_LANGUAGE_STANDARD = "gnu++20";
				CLANG_ENABLE_MODULES = YES;
				CLANG_ENABLE_OBJC_ARC = YES;
				CLANG_ENABLE_OBJC_WEAK = YES;
				CLANG_WARN_BLOCK_CAPTURE_AUTORELEASING = YES;
				CLANG_WARN_BOOL_CONVERSION = YES;
				CLANG_WARN_COMMA = YES;
				CLANG_WARN_CONSTANT_CONVERSION = YES;
				CLANG_WARN_DEPRECATED_OBJC_IMPLEMENTATIONS = YES;
				CLANG_WARN_DIRECT_OBJC_ISA_USAGE = YES_ERROR;
				CLANG_WARN_DOCUMENTATION_COMMENTS = YES;
				CLANG_WARN_EMPTY_BODY = YES;
				CLANG_WARN_ENUM_CONVERSION = YES;
				CLANG_WARN_INFINITE_RECURSION = YES;
				CLANG_WARN_INT_CONVERSION = YES;
				CLANG_WARN_NON_LITERAL_NULL_CONVERSION = YES;
				CLANG_WARN_OBJC_IMPLICIT_RETAIN_SELF = YES;
				CLANG_WARN_OBJC_LITERAL_CONVERSION = YES;
				CLANG_WARN_OBJC_ROOT_CLASS = YES_ERROR;
				CLANG_WARN_QUOTED_INCLUDE_IN_FRAMEWORK_HEADER = YES;
				CLANG_WARN_RANGE_LOOP_ANALYSIS = YES;
				CLANG_WARN_STRICT_PROTOTYPES = YES;
				CLANG_WARN_SUSPICIOUS_MOVE = YES;
				CLANG_WARN_UNGUARDED_AVAILABILITY = YES_AGGRESSIVE;
				CLANG_WARN_UNREACHABLE_CODE = YES;
				CLANG_WARN__DUPLICATE_METHOD_MATCH = YES;
				COPY_PHASE_STRIP = NO;
				CURRENT_PROJECT_VERSION = 1;
				DEBUG_INFORMATION_FORMAT = "dwarf-with-dsym";
				ENABLE_NS_ASSERTIONS = NO;
				ENABLE_STRICT_OBJC_MSGSEND = YES;
				GCC_C_LANGUAGE_STANDARD = gnu11;
				GCC_NO_COMMON_BLOCKS = YES;
				GCC_WARN_64_TO_32_BIT_CONVERSION = YES;
				GCC_WARN_ABOUT_RETURN_TYPE = YES_ERROR;
				GCC_WARN_UNDECLARED_SELECTOR = YES;
				GCC_WARN_UNINITIALIZED_AUTOS = YES_AGGRESSIVE;
				GCC_WARN_UNUSED_FUNCTION = YES;
				GCC_WARN_UNUSED_VARIABLE = YES;
				MTL_ENABLE_DEBUG_INFO = NO;
				MTL_FAST_MATH = YES;
				SWIFT_COMPILATION_MODE = wholemodule;
				SWIFT_OPTIMIZATION_LEVEL = "-O";
				VERSIONING_SYSTEM = "apple-generic";
				VERSION_INFO_PREFIX = "";
			};
			name = Release;
		};
		C044A52F29112AC700E17A09 /* Debug */ = {
			isa = XCBuildConfiguration;
			buildSettings = {
				CODE_SIGN_STYLE = Automatic;
				CURRENT_PROJECT_VERSION = 1;
				DEFINES_MODULE = YES;
				DEVELOPMENT_TEAM = F9U8894XR3;
				DYLIB_COMPATIBILITY_VERSION = 1;
				DYLIB_CURRENT_VERSION = 1;
				DYLIB_INSTALL_NAME_BASE = "@rpath";
				GENERATE_INFOPLIST_FILE = YES;
				INFOPLIST_KEY_NSHumanReadableCopyright = "";
				INSTALL_PATH = "$(LOCAL_LIBRARY_DIR)/Frameworks";
				IPHONEOS_DEPLOYMENT_TARGET = 15.0;
				LD_RUNPATH_SEARCH_PATHS = (
					"@executable_path/Frameworks",
					"@loader_path/Frameworks",
				);
				"LD_RUNPATH_SEARCH_PATHS[sdk=macosx*]" = (
					"@executable_path/../Frameworks",
					"@loader_path/Frameworks",
				);
				MACOSX_DEPLOYMENT_TARGET = 12.0;
				MARKETING_VERSION = 1.0;
				PRODUCT_BUNDLE_IDENTIFIER = com.pumpy.PumpyShared;
				PRODUCT_NAME = "$(TARGET_NAME:c99extidentifier)";
				SDKROOT = auto;
				SKIP_INSTALL = YES;
				SUPPORTED_PLATFORMS = "iphoneos iphonesimulator macosx";
				SUPPORTS_MACCATALYST = YES;
				SUPPORTS_MAC_DESIGNED_FOR_IPHONE_IPAD = NO;
				SWIFT_EMIT_LOC_STRINGS = YES;
				SWIFT_VERSION = 5.0;
				TARGETED_DEVICE_FAMILY = "1,2";
			};
			name = Debug;
		};
		C044A53029112AC700E17A09 /* Release */ = {
			isa = XCBuildConfiguration;
			buildSettings = {
				CODE_SIGN_STYLE = Automatic;
				CURRENT_PROJECT_VERSION = 1;
				DEFINES_MODULE = YES;
				DEVELOPMENT_TEAM = F9U8894XR3;
				DYLIB_COMPATIBILITY_VERSION = 1;
				DYLIB_CURRENT_VERSION = 1;
				DYLIB_INSTALL_NAME_BASE = "@rpath";
				GENERATE_INFOPLIST_FILE = YES;
				INFOPLIST_KEY_NSHumanReadableCopyright = "";
				INSTALL_PATH = "$(LOCAL_LIBRARY_DIR)/Frameworks";
				IPHONEOS_DEPLOYMENT_TARGET = 15.0;
				LD_RUNPATH_SEARCH_PATHS = (
					"@executable_path/Frameworks",
					"@loader_path/Frameworks",
				);
				"LD_RUNPATH_SEARCH_PATHS[sdk=macosx*]" = (
					"@executable_path/../Frameworks",
					"@loader_path/Frameworks",
				);
				MACOSX_DEPLOYMENT_TARGET = 12.0;
				MARKETING_VERSION = 1.0;
				PRODUCT_BUNDLE_IDENTIFIER = com.pumpy.PumpyShared;
				PRODUCT_NAME = "$(TARGET_NAME:c99extidentifier)";
				SDKROOT = auto;
				SKIP_INSTALL = YES;
				SUPPORTED_PLATFORMS = "iphoneos iphonesimulator macosx";
				SUPPORTS_MACCATALYST = YES;
				SUPPORTS_MAC_DESIGNED_FOR_IPHONE_IPAD = NO;
				SWIFT_EMIT_LOC_STRINGS = YES;
				SWIFT_VERSION = 5.0;
				TARGETED_DEVICE_FAMILY = "1,2";
			};
			name = Release;
		};
		C044A53229112AC700E17A09 /* Debug */ = {
			isa = XCBuildConfiguration;
			buildSettings = {
				ALWAYS_EMBED_SWIFT_STANDARD_LIBRARIES = YES;
				CODE_SIGN_STYLE = Automatic;
				CURRENT_PROJECT_VERSION = 1;
				DEVELOPMENT_TEAM = F9U8894XR3;
				GENERATE_INFOPLIST_FILE = YES;
				IPHONEOS_DEPLOYMENT_TARGET = 16.0;
				MACOSX_DEPLOYMENT_TARGET = 12.3;
				MARKETING_VERSION = 1.0;
				PRODUCT_BUNDLE_IDENTIFIER = com.pumpy.PumpySharedTests;
				PRODUCT_NAME = "$(TARGET_NAME)";
				SDKROOT = auto;
				SUPPORTED_PLATFORMS = "iphoneos iphonesimulator macosx";
				SWIFT_EMIT_LOC_STRINGS = NO;
				SWIFT_VERSION = 5.0;
				TARGETED_DEVICE_FAMILY = "1,2";
			};
			name = Debug;
		};
		C044A53329112AC700E17A09 /* Release */ = {
			isa = XCBuildConfiguration;
			buildSettings = {
				ALWAYS_EMBED_SWIFT_STANDARD_LIBRARIES = YES;
				CODE_SIGN_STYLE = Automatic;
				CURRENT_PROJECT_VERSION = 1;
				DEVELOPMENT_TEAM = F9U8894XR3;
				GENERATE_INFOPLIST_FILE = YES;
				IPHONEOS_DEPLOYMENT_TARGET = 16.0;
				MACOSX_DEPLOYMENT_TARGET = 12.3;
				MARKETING_VERSION = 1.0;
				PRODUCT_BUNDLE_IDENTIFIER = com.pumpy.PumpySharedTests;
				PRODUCT_NAME = "$(TARGET_NAME)";
				SDKROOT = auto;
				SUPPORTED_PLATFORMS = "iphoneos iphonesimulator macosx";
				SWIFT_EMIT_LOC_STRINGS = NO;
				SWIFT_VERSION = 5.0;
				TARGETED_DEVICE_FAMILY = "1,2";
			};
			name = Release;
		};
/* End XCBuildConfiguration section */

/* Begin XCConfigurationList section */
		C044A51429112AC600E17A09 /* Build configuration list for PBXProject "PumpyShared" */ = {
			isa = XCConfigurationList;
			buildConfigurations = (
				C044A52C29112AC700E17A09 /* Debug */,
				C044A52D29112AC700E17A09 /* Release */,
			);
			defaultConfigurationIsVisible = 0;
			defaultConfigurationName = Release;
		};
		C044A52E29112AC700E17A09 /* Build configuration list for PBXNativeTarget "PumpyShared" */ = {
			isa = XCConfigurationList;
			buildConfigurations = (
				C044A52F29112AC700E17A09 /* Debug */,
				C044A53029112AC700E17A09 /* Release */,
			);
			defaultConfigurationIsVisible = 0;
			defaultConfigurationName = Release;
		};
		C044A53129112AC700E17A09 /* Build configuration list for PBXNativeTarget "PumpySharedTests" */ = {
			isa = XCConfigurationList;
			buildConfigurations = (
				C044A53229112AC700E17A09 /* Debug */,
				C044A53329112AC700E17A09 /* Release */,
			);
			defaultConfigurationIsVisible = 0;
			defaultConfigurationName = Release;
		};
/* End XCConfigurationList section */
	};
	rootObject = C044A51129112AC600E17A09 /* Project object */;
}
